
Microsoft Visual Studio Solution File, Format Version 12.00
# Visual Studio Version 17
VisualStudioVersion = 17.0.31903.59
MinimumVisualStudioVersion = 10.0.40219.1
Project("{FAE04EC0-301F-11D3-BF4B-00C04F79EFBC}") = "AI Face Recognition", "AI Face Recognition\AI Face Recognition.csproj", "{196B3E88-F68A-448C-8C9E-3776A06D3DDB}"
EndProject
Global
	GlobalSection(SolutionConfigurationPlatforms) = preSolution
		Debug|Any CPU = Debug|Any CPU
		Release|Any CPU = Release|Any CPU
	EndGlobalSection
	GlobalSection(SolutionProperties) = preSolution
		HideSolutionNode = FALSE
	EndGlobalSection
	GlobalSection(ProjectConfigurationPlatforms) = postSolution
		{196B3E88-F68A-448C-8C9E-3776A06D3DDB}.Debug|Any CPU.ActiveCfg = Debug|Any CPU
		{196B3E88-F68A-448C-8C9E-3776A06D3DDB}.Debug|Any CPU.Build.0 = Debug|Any CPU
		{196B3E88-F68A-448C-8C9E-3776A06D3DDB}.Release|Any CPU.ActiveCfg = Release|Any CPU
		{196B3E88-F68A-448C-8C9E-3776A06D3DDB}.Release|Any CPU.Build.0 = Release|Any CPU
	EndGlobalSection
EndGlobal
